Microsoft Visual Studio Solution File, Format Version 12.00
# Visual Studio Version 17
VisualStudioVersion = 17.3.32929.385
MinimumVisualStudioVersion = 10.0.40219.1
Project("{9A19103F-16F7-4668-BE54-9A1E7A4F7556}") = "MusicDLP_WinForms", "MusicDLP_WinForms.csproj", "{E5E92684-A29D-484A-B980-412AE1CCC478}"
EndProject
Project("{FAE04EC0-301F-11D3-BF4B-00C04F79EFBC}") = "MusicDLP_WPF", "..\MusicDLP_Winforms\MusicDLP_WPF.csproj", "{CC323341-E875-4D1A-AE81-2B1244AB3FC0}"
EndProject
Project("{FAE04EC0-301F-11D3-BF4B-00C04F79EFBC}") = "MusicDLP", "..\MusicDLP_Shared\MusicDLP.csproj", "{C3B756BC-7B56-48B8-B6FA-5606BAFBF519}"
EndProject
Global
	GlobalSection(SolutionConfigurationPlatforms) = preSolution
		Debug|Any CPU = Debug|Any CPU
		Debug|ARM = Debug|ARM
		Debug|ARM64 = Debug|ARM64
		Debug|x64 = Debug|x64
		Debug|x86 = Debug|x86
		Release|Any CPU = Release|Any CPU
		Release|ARM = Release|ARM
		Release|ARM64 = Release|ARM64
		Release|x64 = Release|x64
		Release|x86 = Release|x86
	EndGlobalSection
	GlobalSection(ProjectConfigurationPlatforms) = postSolution
		{E5E92684-A29D-484A-B980-412AE1CCC478}.Debug|Any CPU.ActiveCfg = Debug|Any CPU
		{E5E92684-A29D-484A-B980-412AE1CCC478}.Debug|Any CPU.Build.0 = Debug|Any CPU
		{E5E92684-A29D-484A-B980-412AE1CCC478}.Debug|ARM.ActiveCfg = Debug|Any CPU
		{E5E92684-A29D-484A-B980-412AE1CCC478}.Debug|ARM.Build.0 = Debug|Any CPU
		{E5E92684-A29D-484A-B980-412AE1CCC478}.Debug|ARM64.ActiveCfg = Debug|Any CPU
		{E5E92684-A29D-484A-B980-412AE1CCC478}.Debug|ARM64.Build.0 = Debug|Any CPU
		{E5E92684-A29D-484A-B980-412AE1CCC478}.Debug|x64.ActiveCfg = Debug|Any CPU
		{E5E92684-A29D-484A-B980-412AE1CCC478}.Debug|x64.Build.0 = Debug|Any CPU
		{E5E92684-A29D-484A-B980-412AE1CCC478}.Debug|x86.ActiveCfg = Debug|Any CPU
		{E5E92684-A29D-484A-B980-412AE1CCC478}.Debug|x86.Build.0 = Debug|Any CPU
		{E5E92684-A29D-484A-B980-412AE1CCC478}.Release|Any CPU.ActiveCfg = Release|Any CPU
		{E5E92684-A29D-484A-B980-412AE1CCC478}.Release|Any CPU.Build.0 = Release|Any CPU
		{E5E92684-A29D-484A-B980-412AE1CCC478}.Release|ARM.ActiveCfg = Release|Any CPU
		{E5E92684-A29D-484A-B980-412AE1CCC478}.Release|ARM.Build.0 = Release|Any CPU
		{E5E92684-A29D-484A-B980-412AE1CCC478}.Release|ARM64.ActiveCfg = Release|Any CPU
		{E5E92684-A29D-484A-B980-412AE1CCC478}.Release|ARM64.Build.0 = Release|Any CPU
		{E5E92684-A29D-484A-B980-412AE1CCC478}.Release|x64.ActiveCfg = Release|Any CPU
		{E5E92684-A29D-484A-B980-412AE1CCC478}.Release|x64.Build.0 = Release|Any CPU
		{E5E92684-A29D-484A-B980-412AE1CCC478}.Release|x86.ActiveCfg = Release|Any CPU
		{E5E92684-A29D-484A-B980-412AE1CCC478}.Release|x86.Build.0 = Release|Any CPU
		{CC323341-E875-4D1A-AE81-2B1244AB3FC0}.Debug|Any CPU.ActiveCfg = Debug|Any CPU
		{CC323341-E875-4D1A-AE81-2B1244AB3FC0}.Debug|Any CPU.Build.0 = Debug|Any CPU
		{CC323341-E875-4D1A-AE81-2B1244AB3FC0}.Debug|ARM.ActiveCfg = Debug|Any CPU
		{CC323341-E875-4D1A-AE81-2B1244AB3FC0}.Debug|ARM.Build.0 = Debug|Any CPU
		{CC323341-E875-4D1A-AE81-2B1244AB3FC0}.Debug|ARM64.ActiveCfg = Debug|Any CPU
		{CC323341-E875-4D1A-AE81-2B1244AB3FC0}.Debug|ARM64.Build.0 = Debug|Any CPU
		{CC323341-E875-4D1A-AE81-2B1244AB3FC0}.Debug|x64.ActiveCfg = Debug|Any CPU
		{CC323341-E875-4D1A-AE81-2B1244AB3FC0}.Debug|x64.Build.0 = Debug|Any CPU
		{CC323341-E875-4D1A-AE81-2B1244AB3FC0}.Debug|x86.ActiveCfg = Debug|Any CPU
		{CC323341-E875-4D1A-AE81-2B1244AB3FC0}.Debug|x86.Build.0 = Debug|Any CPU
		{CC323341-E875-4D1A-AE81-2B1244AB3FC0}.Release|Any CPU.ActiveCfg = Release|Any CPU
		{CC323341-E875-4D1A-AE81-2B1244AB3FC0}.Release|Any CPU.Build.0 = Release|Any CPU
		{CC323341-E875-4D1A-AE81-2B1244AB3FC0}.Release|ARM.ActiveCfg = Release|Any CPU
		{CC323341-E875-4D1A-AE81-2B1244AB3FC0}.Release|ARM.Build.0 = Release|Any CPU
		{CC323341-E875-4D1A-AE81-2B1244AB3FC0}.Release|ARM64.ActiveCfg = Release|Any CPU
		{CC323341-E875-4D1A-AE81-2B1244AB3FC0}.Release|ARM64.Build.0 = Release|Any CPU
		{CC323341-E875-4D1A-AE81-2B1244AB3FC0}.Release|x64.ActiveCfg = Release|Any CPU
		{CC323341-E875-4D1A-AE81-2B1244AB3FC0}.Release|x64.Build.0 = Release|Any CPU
		{CC323341-E875-4D1A-AE81-2B1244AB3FC0}.Release|x86.ActiveCfg = Release|Any CPU
		{CC323341-E875-4D1A-AE81-2B1244AB3FC0}.Release|x86.Build.0 = Release|Any CPU
		{C3B756BC-7B56-48B8-B6FA-5606BAFBF519}.Debug|Any CPU.ActiveCfg = Debug|Any CPU
		{C3B756BC-7B56-48B8-B6FA-5606BAFBF519}.Debug|Any CPU.Build.0 = Debug|Any CPU
		{C3B756BC-7B56-48B8-B6FA-5606BAFBF519}.Debug|ARM.ActiveCfg = Debug|Any CPU
		{C3B756BC-7B56-48B8-B6FA-5606BAFBF519}.Debug|ARM.Build.0 = Debug|Any CPU
		{C3B756BC-7B56-48B8-B6FA-5606BAFBF519}.Debug|ARM64.ActiveCfg = Debug|Any CPU
		{C3B756BC-7B56-48B8-B6FA-5606BAFBF519}.Debug|ARM64.Build.0 = Debug|Any CPU
		{C3B756BC-7B56-48B8-B6FA-5606BAFBF519}.Debug|x64.ActiveCfg = Debug|Any CPU
		{C3B756BC-7B56-48B8-B6FA-5606BAFBF519}.Debug|x64.Build.0 = Debug|Any CPU
		{C3B756BC-7B56-48B8-B6FA-5606BAFBF519}.Debug|x86.ActiveCfg = Debug|Any CPU
		{C3B756BC-7B56-48B8-B6FA-5606BAFBF519}.Debug|x86.Build.0 = Debug|Any CPU
		{C3B756BC-7B56-48B8-B6FA-5606BAFBF519}.Release|Any CPU.ActiveCfg = Release|Any CPU
		{C3B756BC-7B56-48B8-B6FA-5606BAFBF519}.Release|Any CPU.Build.0 = Release|Any CPU
		{C3B756BC-7B56-48B8-B6FA-5606BAFBF519}.Release|ARM.ActiveCfg = Release|Any CPU
		{C3B756BC-7B56-48B8-B6FA-5606BAFBF519}.Release|ARM.Build.0 = Release|Any CPU
		{C3B756BC-7B56-48B8-B6FA-5606BAFBF519}.Release|ARM64.ActiveCfg = Release|Any CPU
		{C3B756BC-7B56-48B8-B6FA-5606BAFBF519}.Release|ARM64.Build.0 = Release|Any CPU
		{C3B756BC-7B56-48B8-B6FA-5606BAFBF519}.Release|x64.ActiveCfg = Release|Any CPU
		{C3B756BC-7B56-48B8-B6FA-5606BAFBF519}.Release|x64.Build.0 = Release|Any CPU
		{C3B756BC-7B56-48B8-B6FA-5606BAFBF519}.Release|x86.ActiveCfg = Release|Any CPU
		{C3B756BC-7B56-48B8-B6FA-5606BAFBF519}.Release|x86.Build.0 = Release|Any CPU
	EndGlobalSection
	GlobalSection(SolutionProperties) = preSolution
		HideSolutionNode = FALSE
	EndGlobalSection
	GlobalSection(ExtensibilityGlobals) = postSolution
		SolutionGuid = {392C8F65-62AA-4E68-AB98-ECD2F7134F95}
	EndGlobalSection
EndGlobal
